
Microsoft Visual Studio Solution File, Format Version 12.00
# Visual Studio Version 17
VisualStudioVersion = 17.6.33723.286
MinimumVisualStudioVersion = 10.0.40219.1
Project("{FAE04EC0-301F-11D3-BF4B-00C04F79EFBC}") = "Array_Practice", "Array_Practice\Array_Practice.csproj", "{852BFCEE-460F-439D-A8CF-B25DDF9DE4EA}"
EndProject
Global
	GlobalSection(SolutionConfigurationPlatforms) = preSolution
		Debug|Any CPU = Debug|Any CPU
		Release|Any CPU = Release|Any CPU
	EndGlobalSection
	GlobalSection(ProjectConfigurationPlatforms) = postSolution
		{852BFCEE-460F-439D-A8CF-B25DDF9DE4EA}.Debug|Any CPU.ActiveCfg = Debug|Any CPU
		{852BFCEE-460F-439D-A8CF-B25DDF9DE4EA}.Debug|Any CPU.Build.0 = Debug|Any CPU
		{852BFCEE-460F-439D-A8CF-B25DDF9DE4EA}.Release|Any CPU.ActiveCfg = Release|Any CPU
		{852BFCEE-460F-439D-A8CF-B25DDF9DE4EA}.Release|Any CPU.Build.0 = Release|Any CPU
	EndGlobalSection
	GlobalSection(SolutionProperties) = preSolution
		HideSolutionNode = FALSE
	EndGlobalSection
	GlobalSection(ExtensibilityGlobals) = postSolution
		SolutionGuid = {4313C469-06E5-45F7-820B-0648FD425DF2}
	EndGlobalSection
EndGlobal
